
Microsoft Visual Studio Solution File, Format Version 12.00
# Visual Studio Version 17
VisualStudioVersion = 17.5.002.0
MinimumVisualStudioVersion = 10.0.40219.1
Project("{9A19103F-16F7-4668-BE54-9A1E7A4F7556}") = "InspectorGadget.WebApp", "WebApp\InspectorGadget.WebApp.csproj", "{C5F438E1-8F02-4826-98EA-A500FC50A616}"
EndProject
Global
	GlobalSection(SolutionConfigurationPlatforms) = preSolution
		Debug|Any CPU = Debug|Any CPU
		Release|Any CPU = Release|Any CPU
	EndGlobalSection
	GlobalSection(ProjectConfigurationPlatforms) = postSolution
		{C5F438E1-8F02-4826-98EA-A500FC50A616}.Debug|Any CPU.ActiveCfg = Debug|Any CPU
		{C5F438E1-8F02-4826-98EA-A500FC50A616}.Debug|Any CPU.Build.0 = Debug|Any CPU
		{C5F438E1-8F02-4826-98EA-A500FC50A616}.Release|Any CPU.ActiveCfg = Release|Any CPU
		{C5F438E1-8F02-4826-98EA-A500FC50A616}.Release|Any CPU.Build.0 = Release|Any CPU
	EndGlobalSection
	GlobalSection(SolutionProperties) = preSolution
		HideSolutionNode = FALSE
	EndGlobalSection
	GlobalSection(ExtensibilityGlobals) = postSolution
		SolutionGuid = {80BA6744-71B6-4E74-8916-B3085F131AAB}
	EndGlobalSection
EndGlobal
